// !$*UTF8*$!
{
	archiveVersion = 1;
	classes = {
	};
	objectVersion = 46;
	objects = {

/* Begin PBXBuildFile section */
		1711A9371D655F100029A8C0 /* InterfaceBacked.h in Headers */ = {isa = PBXBuildFile; fileRef = 1711A9361D655F100029A8C0 /* InterfaceBacked.h */; settings = {ATTRIBUTES = (Public, ); }; };
		1711A93E1D655F100029A8C0 /* InterfaceBacked.framework in Frameworks */ = {isa = PBXBuildFile; fileRef = 1711A9331D655F100029A8C0 /* InterfaceBacked.framework */; };
		1711A9431D655F100029A8C0 /* InterfaceBackedTests.swift in Sources */ = {isa = PBXBuildFile; fileRef = 1711A9421D655F100029A8C0 /* InterfaceBackedTests.swift */; };
		1711A94F1D655F1A0029A8C0 /* NibBacked.swift in Sources */ = {isa = PBXBuildFile; fileRef = 1711A94D1D655F1A0029A8C0 /* NibBacked.swift */; };
		1711A9501D655F1A0029A8C0 /* StoryboardBacked.swift in Sources */ = {isa = PBXBuildFile; fileRef = 1711A94E1D655F1A0029A8C0 /* StoryboardBacked.swift */; };
		1711A95C1D6564AC0029A8C0 /* AppDelegate.swift in Sources */ = {isa = PBXBuildFile; fileRef = 1711A95B1D6564AC0029A8C0 /* AppDelegate.swift */; };
		1711A95E1D6564AC0029A8C0 /* ViewController.swift in Sources */ = {isa = PBXBuildFile; fileRef = 1711A95D1D6564AC0029A8C0 /* ViewController.swift */; };
		1711A9611D6564AC0029A8C0 /* ViewController.storyboard in Resources */ = {isa = PBXBuildFile; fileRef = 1711A95F1D6564AC0029A8C0 /* ViewController.storyboard */; };
		1711A9631D6564AC0029A8C0 /* Assets.xcassets in Resources */ = {isa = PBXBuildFile; fileRef = 1711A9621D6564AC0029A8C0 /* Assets.xcassets */; };
		1711A9661D6564AC0029A8C0 /* LaunchScreen.storyboard in Resources */ = {isa = PBXBuildFile; fileRef = 1711A9641D6564AC0029A8C0 /* LaunchScreen.storyboard */; };
		1711A96D1D6565A40029A8C0 /* Cell.swift in Sources */ = {isa = PBXBuildFile; fileRef = 1711A96B1D6565A40029A8C0 /* Cell.swift */; };
		1711A96E1D6565A40029A8C0 /* Cell.xib in Resources */ = {isa = PBXBuildFile; fileRef = 1711A96C1D6565A40029A8C0 /* Cell.xib */; };
		1711A96F1D6566360029A8C0 /* InterfaceBacked.framework in Frameworks */ = {isa = PBXBuildFile; fileRef = 1711A9331D655F100029A8C0 /* InterfaceBacked.framework */; };
		1711A9701D6566360029A8C0 /* InterfaceBacked.framework in Embed Frameworks */ = {isa = PBXBuildFile; fileRef = 1711A9331D655F100029A8C0 /* InterfaceBacked.framework */; settings = {ATTRIBUTES = (CodeSignOnCopy, RemoveHeadersOnCopy, ); }; };
		1711A9751D6567240029A8C0 /* SomeView.swift in Sources */ = {isa = PBXBuildFile; fileRef = 1711A9741D6567240029A8C0 /* SomeView.swift */; };
		1711A9771D65672A0029A8C0 /* SomeView.xib in Resources */ = {isa = PBXBuildFile; fileRef = 1711A9761D65672A0029A8C0 /* SomeView.xib */; };
/* End PBXBuildFile section */

/* Begin PBXContainerItemProxy section */
		1711A93F1D655F100029A8C0 /* PBXContainerItemProxy */ = {
			isa = PBXContainerItemProxy;
			containerPortal = 1711A92A1D655F100029A8C0 /* Project object */;
			proxyType = 1;
			remoteGlobalIDString = 1711A9321D655F100029A8C0;
			remoteInfo = InterfaceBacked;
		};
		1711A9711D6566360029A8C0 /* PBXContainerItemProxy */ = {
			isa = PBXContainerItemProxy;
			containerPortal = 1711A92A1D655F100029A8C0 /* Project object */;
			proxyType = 1;
			remoteGlobalIDString = 1711A9321D655F100029A8C0;
			remoteInfo = InterfaceBacked;
		};
/* End PBXContainerItemProxy section */

/* Begin PBXCopyFilesBuildPhase section */
		1711A9731D6566360029A8C0 /* Embed Frameworks */ = {
			isa = PBXCopyFilesBuildPhase;
			buildActionMask = 2147483647;
			dstPath = "";
			dstSubfolderSpec = 10;
			files = (
				1711A9701D6566360029A8C0 /* InterfaceBacked.framework in Embed Frameworks */,
			);
			name = "Embed Frameworks";
			runOnlyForDeploymentPostprocessing = 0;
		};
/* End PBXCopyFilesBuildPhase section */

/* Begin PBXFileReference section */
		1711A9331D655F100029A8C0 /* InterfaceBacked.framework */ = {isa = PBXFileReference; explicitFileType = wrapper.framework; includeInIndex = 0; path = InterfaceBacked.framework; sourceTree = BUILT_PRODUCTS_DIR; };
		1711A9361D655F100029A8C0 /* InterfaceBacked.h */ = {isa = PBXFileReference; lastKnownFileType = sourcecode.c.h; path = InterfaceBacked.h; sourceTree = "<group>"; };
		1711A9381D655F100029A8C0 /* Info.plist */ = {isa = PBXFileReference; lastKnownFileType = text.plist.xml; path = Info.plist; sourceTree = "<group>"; };
		1711A93D1D655F100029A8C0 /* InterfaceBackedTests.xctest */ = {isa = PBXFileReference; explicitFileType = wrapper.cfbundle; includeInIndex = 0; path = InterfaceBackedTests.xctest; sourceTree = BUILT_PRODUCTS_DIR; };
		1711A9421D655F100029A8C0 /* InterfaceBackedTests.swift */ = {isa = PBXFileReference; lastKnownFileType = sourcecode.swift; path = InterfaceBackedTests.swift; sourceTree = "<group>"; };
		1711A9441D655F100029A8C0 /* Info.plist */ = {isa = PBXFileReference; lastKnownFileType = text.plist.xml; path = Info.plist; sourceTree = "<group>"; };
		1711A94D1D655F1A0029A8C0 /* NibBacked.swift */ = {isa = PBXFileReference; fileEncoding = 4; lastKnownFileType = sourcecode.swift; path = NibBacked.swift; sourceTree = "<group>"; };
		1711A94E1D655F1A0029A8C0 /* StoryboardBacked.swift */ = {isa = PBXFileReference; fileEncoding = 4; lastKnownFileType = sourcecode.swift; path = StoryboardBacked.swift; sourceTree = "<group>"; };
		1711A9591D6564AC0029A8C0 /* Example.app */ = {isa = PBXFileReference; explicitFileType = wrapper.application; includeInIndex = 0; path = Example.app; sourceTree = BUILT_PRODUCTS_DIR; };
		1711A95B1D6564AC0029A8C0 /* AppDelegate.swift */ = {isa = PBXFileReference; lastKnownFileType = sourcecode.swift; path = AppDelegate.swift; sourceTree = "<group>"; };
		1711A95D1D6564AC0029A8C0 /* ViewController.swift */ = {isa = PBXFileReference; lastKnownFileType = sourcecode.swift; path = ViewController.swift; sourceTree = "<group>"; };
		1711A9601D6564AC0029A8C0 /* Base */ = {isa = PBXFileReference; lastKnownFileType = file.storyboard; name = Base; path = Base.lproj/ViewController.storyboard; sourceTree = "<group>"; };
		1711A9621D6564AC0029A8C0 /* Assets.xcassets */ = {isa = PBXFileReference; lastKnownFileType = folder.assetcatalog; path = Assets.xcassets; sourceTree = "<group>"; };
		1711A9651D6564AC0029A8C0 /* Base */ = {isa = PBXFileReference; lastKnownFileType = file.storyboard; name = Base; path = Base.lproj/LaunchScreen.storyboard; sourceTree = "<group>"; };
		1711A9671D6564AC0029A8C0 /* Info.plist */ = {isa = PBXFileReference; lastKnownFileType = text.plist.xml; path = Info.plist; sourceTree = "<group>"; };
		1711A96B1D6565A40029A8C0 /* Cell.swift */ = {isa = PBXFileReference; fileEncoding = 4; lastKnownFileType = sourcecode.swift; path = Cell.swift; sourceTree = "<group>"; };
		1711A96C1D6565A40029A8C0 /* Cell.xib */ = {isa = PBXFileReference; fileEncoding = 4; lastKnownFileType = file.xib; path = Cell.xib; sourceTree = "<group>"; };
		1711A9741D6567240029A8C0 /* SomeView.swift */ = {isa = PBXFileReference; fileEncoding = 4; lastKnownFileType = sourcecode.swift; path = SomeView.swift; sourceTree = "<group>"; };
		1711A9761D65672A0029A8C0 /* SomeView.xib */ = {isa = PBXFileReference; fileEncoding = 4; lastKnownFileType = file.xib; path = SomeView.xib; sourceTree = "<group>"; };
/* End PBXFileReference section */

/* Begin PBXFrameworksBuildPhase section */
		1711A92F1D655F100029A8C0 /* Frameworks */ = {
			isa = PBXFrameworksBuildPhase;
			buildActionMask = 2147483647;
			files = (
			);
			runOnlyForDeploymentPostprocessing = 0;
		};
		1711A93A1D655F100029A8C0 /* Frameworks */ = {
			isa = PBXFrameworksBuildPhase;
			buildActionMask = 2147483647;
			files = (
				1711A93E1D655F100029A8C0 /* InterfaceBacked.framework in Frameworks */,
			);
			runOnlyForDeploymentPostprocessing = 0;
		};
		1711A9561D6564AC0029A8C0 /* Frameworks */ = {
			isa = PBXFrameworksBuildPhase;
			buildActionMask = 2147483647;
			files = (
				1711A96F1D6566360029A8C0 /* InterfaceBacked.framework in Frameworks */,
			);
			runOnlyForDeploymentPostprocessing = 0;
		};
/* End PBXFrameworksBuildPhase section */

/* Begin PBXGroup section */
		1711A9291D655F100029A8C0 = {
			isa = PBXGroup;
			children = (
				1711A9351D655F100029A8C0 /* InterfaceBacked */,
				1711A9411D655F100029A8C0 /* InterfaceBackedTests */,
				1711A95A1D6564AC0029A8C0 /* Example */,
				1711A9341D655F100029A8C0 /* Products */,
			);
			sourceTree = "<group>";
		};
		1711A9341D655F100029A8C0 /* Products */ = {
			isa = PBXGroup;
			children = (
				1711A9331D655F100029A8C0 /* InterfaceBacked.framework */,
				1711A93D1D655F100029A8C0 /* InterfaceBackedTests.xctest */,
				1711A9591D6564AC0029A8C0 /* Example.app */,
			);
			name = Products;
			sourceTree = "<group>";
		};
		1711A9351D655F100029A8C0 /* InterfaceBacked */ = {
			isa = PBXGroup;
			children = (
				1711A94D1D655F1A0029A8C0 /* NibBacked.swift */,
				1711A94E1D655F1A0029A8C0 /* StoryboardBacked.swift */,
				1711A9361D655F100029A8C0 /* InterfaceBacked.h */,
				1711A9381D655F100029A8C0 /* Info.plist */,
			);
			path = InterfaceBacked;
			sourceTree = "<group>";
		};
		1711A9411D655F100029A8C0 /* InterfaceBackedTests */ = {
			isa = PBXGroup;
			children = (
				1711A9421D655F100029A8C0 /* InterfaceBackedTests.swift */,
				1711A9441D655F100029A8C0 /* Info.plist */,
			);
			path = InterfaceBackedTests;
			sourceTree = "<group>";
		};
		1711A95A1D6564AC0029A8C0 /* Example */ = {
			isa = PBXGroup;
			children = (
				1711A95B1D6564AC0029A8C0 /* AppDelegate.swift */,
				1711A9621D6564AC0029A8C0 /* Assets.xcassets */,
				1711A96B1D6565A40029A8C0 /* Cell.swift */,
				1711A96C1D6565A40029A8C0 /* Cell.xib */,
				1711A9671D6564AC0029A8C0 /* Info.plist */,
				1711A9641D6564AC0029A8C0 /* LaunchScreen.storyboard */,
				1711A95F1D6564AC0029A8C0 /* ViewController.storyboard */,
				1711A95D1D6564AC0029A8C0 /* ViewController.swift */,
				1711A9741D6567240029A8C0 /* SomeView.swift */,
				1711A9761D65672A0029A8C0 /* SomeView.xib */,
			);
			path = Example;
			sourceTree = "<group>";
		};
/* End PBXGroup section */

/* Begin PBXHeadersBuildPhase section */
		1711A9301D655F100029A8C0 /* Headers */ = {
			isa = PBXHeadersBuildPhase;
			buildActionMask = 2147483647;
			files = (
				1711A9371D655F100029A8C0 /* InterfaceBacked.h in Headers */,
			);
			runOnlyForDeploymentPostprocessing = 0;
		};
/* End PBXHeadersBuildPhase section */

/* Begin PBXNativeTarget section */
		1711A9321D655F100029A8C0 /* InterfaceBacked */ = {
			isa = PBXNativeTarget;
			buildConfigurationList = 1711A9471D655F100029A8C0 /* Build configuration list for PBXNativeTarget "InterfaceBacked" */;
			buildPhases = (
				1711A92E1D655F100029A8C0 /* Sources */,
				1711A92F1D655F100029A8C0 /* Frameworks */,
				1711A9301D655F100029A8C0 /* Headers */,
				1711A9311D655F100029A8C0 /* Resources */,
			);
			buildRules = (
			);
			dependencies = (
			);
			name = InterfaceBacked;
			productName = InterfaceBacked;
			productReference = 1711A9331D655F100029A8C0 /* InterfaceBacked.framework */;
			productType = "com.apple.product-type.framework";
		};
		1711A93C1D655F100029A8C0 /* InterfaceBackedTests */ = {
			isa = PBXNativeTarget;
			buildConfigurationList = 1711A94A1D655F100029A8C0 /* Build configuration list for PBXNativeTarget "InterfaceBackedTests" */;
			buildPhases = (
				1711A9391D655F100029A8C0 /* Sources */,
				1711A93A1D655F100029A8C0 /* Frameworks */,
				1711A93B1D655F100029A8C0 /* Resources */,
			);
			buildRules = (
			);
			dependencies = (
				1711A9401D655F100029A8C0 /* PBXTargetDependency */,
			);
			name = InterfaceBackedTests;
			productName = InterfaceBackedTests;
			productReference = 1711A93D1D655F100029A8C0 /* InterfaceBackedTests.xctest */;
			productType = "com.apple.product-type.bundle.unit-test";
		};
		1711A9581D6564AC0029A8C0 /* Example */ = {
			isa = PBXNativeTarget;
			buildConfigurationList = 1711A9681D6564AC0029A8C0 /* Build configuration list for PBXNativeTarget "Example" */;
			buildPhases = (
				1711A9551D6564AC0029A8C0 /* Sources */,
				1711A9561D6564AC0029A8C0 /* Frameworks */,
				1711A9571D6564AC0029A8C0 /* Resources */,
				1711A9731D6566360029A8C0 /* Embed Frameworks */,
			);
			buildRules = (
			);
			dependencies = (
				1711A9721D6566360029A8C0 /* PBXTargetDependency */,
			);
			name = Example;
			productName = Example;
			productReference = 1711A9591D6564AC0029A8C0 /* Example.app */;
			productType = "com.apple.product-type.application";
		};
/* End PBXNativeTarget section */

/* Begin PBXProject section */
		1711A92A1D655F100029A8C0 /* Project object */ = {
			isa = PBXProject;
			attributes = {
				LastSwiftUpdateCheck = 0730;
				LastUpgradeCheck = 0800;
				ORGANIZATIONNAME = "Florian Bürger";
				TargetAttributes = {
					1711A9321D655F100029A8C0 = {
						CreatedOnToolsVersion = 7.3.1;
						LastSwiftMigration = 0800;
					};
					1711A93C1D655F100029A8C0 = {
						CreatedOnToolsVersion = 7.3.1;
						LastSwiftMigration = 0800;
					};
					1711A9581D6564AC0029A8C0 = {
						CreatedOnToolsVersion = 7.3.1;
						LastSwiftMigration = 0800;
					};
				};
			};
			buildConfigurationList = 1711A92D1D655F100029A8C0 /* Build configuration list for PBXProject "InterfaceBacked" */;
			compatibilityVersion = "Xcode 3.2";
			developmentRegion = English;
			hasScannedForEncodings = 0;
			knownRegions = (
				en,
				Base,
			);
			mainGroup = 1711A9291D655F100029A8C0;
			productRefGroup = 1711A9341D655F100029A8C0 /* Products */;
			projectDirPath = "";
			projectRoot = "";
			targets = (
				1711A9321D655F100029A8C0 /* InterfaceBacked */,
				1711A93C1D655F100029A8C0 /* InterfaceBackedTests */,
				1711A9581D6564AC0029A8C0 /* Example */,
			);
		};
/* End PBXProject section */

/* Begin PBXResourcesBuildPhase section */
		1711A9311D655F100029A8C0 /* Resources */ = {
			isa = PBXResourcesBuildPhase;
			buildActionMask = 2147483647;
			files = (
			);
			runOnlyForDeploymentPostprocessing = 0;
		};
		1711A93B1D655F100029A8C0 /* Resources */ = {
			isa = PBXResourcesBuildPhase;
			buildActionMask = 2147483647;
			files = (
			);
			runOnlyForDeploymentPostprocessing = 0;
		};
		1711A9571D6564AC0029A8C0 /* Resources */ = {
			isa = PBXResourcesBuildPhase;
			buildActionMask = 2147483647;
			files = (
				1711A9661D6564AC0029A8C0 /* LaunchScreen.storyboard in Resources */,
				1711A96E1D6565A40029A8C0 /* Cell.xib in Resources */,
				1711A9631D6564AC0029A8C0 /* Assets.xcassets in Resources */,
				1711A9611D6564AC0029A8C0 /* ViewController.storyboard in Resources */,
				1711A9771D65672A0029A8C0 /* SomeView.xib in Resources */,
			);
			runOnlyForDeploymentPostprocessing = 0;
		};
/* End PBXResourcesBuildPhase section */

/* Begin PBXSourcesBuildPhase section */
		1711A92E1D655F100029A8C0 /* Sources */ = {
			isa = PBXSourcesBuildPhase;
			buildActionMask = 2147483647;
			files = (
				1711A9501D655F1A0029A8C0 /* StoryboardBacked.swift in Sources */,
				1711A94F1D655F1A0029A8C0 /* NibBacked.swift in Sources */,
			);
			runOnlyForDeploymentPostprocessing = 0;
		};
		1711A9391D655F100029A8C0 /* Sources */ = {
			isa = PBXSourcesBuildPhase;
			buildActionMask = 2147483647;
			files = (
				1711A9431D655F100029A8C0 /* InterfaceBackedTests.swift in Sources */,
			);
			runOnlyForDeploymentPostprocessing = 0;
		};
		1711A9551D6564AC0029A8C0 /* Sources */ = {
			isa = PBXSourcesBuildPhase;
			buildActionMask = 2147483647;
			files = (
				1711A9751D6567240029A8C0 /* SomeView.swift in Sources */,
				1711A95E1D6564AC0029A8C0 /* ViewController.swift in Sources */,
				1711A95C1D6564AC0029A8C0 /* AppDelegate.swift in Sources */,
				1711A96D1D6565A40029A8C0 /* Cell.swift in Sources */,
			);
			runOnlyForDeploymentPostprocessing = 0;
		};
/* End PBXSourcesBuildPhase section */

/* Begin PBXTargetDependency section */
		1711A9401D655F100029A8C0 /* PBXTargetDependency */ = {
			isa = PBXTargetDependency;
			target = 1711A9321D655F100029A8C0 /* InterfaceBacked */;
			targetProxy = 1711A93F1D655F100029A8C0 /* PBXContainerItemProxy */;
		};
		1711A9721D6566360029A8C0 /* PBXTargetDependency */ = {
			isa = PBXTargetDependency;
			target = 1711A9321D655F100029A8C0 /* InterfaceBacked */;
			targetProxy = 1711A9711D6566360029A8C0 /* PBXContainerItemProxy */;
		};
/* End PBXTargetDependency section */

/* Begin PBXVariantGroup section */
		1711A95F1D6564AC0029A8C0 /* ViewController.storyboard */ = {
			isa = PBXVariantGroup;
			children = (
				1711A9601D6564AC0029A8C0 /* Base */,
			);
			name = ViewController.storyboard;
			sourceTree = "<group>";
		};
		1711A9641D6564AC0029A8C0 /* LaunchScreen.storyboard */ = {
			isa = PBXVariantGroup;
			children = (
				1711A9651D6564AC0029A8C0 /* Base */,
			);
			name = LaunchScreen.storyboard;
			sourceTree = "<group>";
		};
/* End PBXVariantGroup section */

/* Begin XCBuildConfiguration section */
		1711A9451D655F100029A8C0 /* Debug */ = {
			isa = XCBuildConfiguration;
			buildSettings = {
				ALWAYS_SEARCH_USER_PATHS = NO;
				CLANG_ANALYZER_NONNULL = YES;
				CLANG_CXX_LANGUAGE_STANDARD = "gnu++0x";
				CLANG_CXX_LIBRARY = "libc++";
				CLANG_ENABLE_MODULES = YES;
				CLANG_ENABLE_OBJC_ARC = YES;
				CLANG_WARN_BOOL_CONVERSION = YES;
				CLANG_WARN_CONSTANT_CONVERSION = YES;
				CLANG_WARN_DIRECT_OBJC_ISA_USAGE = YES_ERROR;
				CLANG_WARN_EMPTY_BODY = YES;
				CLANG_WARN_ENUM_CONVERSION = YES;
				CLANG_WARN_INFINITE_RECURSION = YES;
				CLANG_WARN_INT_CONVERSION = YES;
				CLANG_WARN_OBJC_ROOT_CLASS = YES_ERROR;
				CLANG_WARN_SUSPICIOUS_MOVE = YES;
				CLANG_WARN_UNREACHABLE_CODE = YES;
				CLANG_WARN__DUPLICATE_METHOD_MATCH = YES;
				"CODE_SIGN_IDENTITY[sdk=iphoneos*]" = "iPhone Developer";
				COPY_PHASE_STRIP = NO;
				CURRENT_PROJECT_VERSION = 1;
				DEBUG_INFORMATION_FORMAT = dwarf;
				ENABLE_STRICT_OBJC_MSGSEND = YES;
				ENABLE_TESTABILITY = YES;
				GCC_C_LANGUAGE_STANDARD = gnu99;
				GCC_DYNAMIC_NO_PIC = NO;
				GCC_NO_COMMON_BLOCKS = YES;
				GCC_OPTIMIZATION_LEVEL = 0;
				GCC_PREPROCESSOR_DEFINITIONS = (
					"DEBUG=1",
					"$(inherited)",
				);
				GCC_WARN_64_TO_32_BIT_CONVERSION = YES;
				GCC_WARN_ABOUT_RETURN_TYPE = YES_ERROR;
				GCC_WARN_UNDECLARED_SELECTOR = YES;
				GCC_WARN_UNINITIALIZED_AUTOS = YES_AGGRESSIVE;
				GCC_WARN_UNUSED_FUNCTION = YES;
				GCC_WARN_UNUSED_VARIABLE = YES;
				IPHONEOS_DEPLOYMENT_TARGET = 9.3;
				MTL_ENABLE_DEBUG_INFO = YES;
				ONLY_ACTIVE_ARCH = YES;
				SDKROOT = iphoneos;
				SWIFT_OPTIMIZATION_LEVEL = "-Onone";
				TARGETED_DEVICE_FAMILY = "1,2";
				VERSIONING_SYSTEM = "apple-generic";
				VERSION_INFO_PREFIX = "";
			};
			name = Debug;
		};
		1711A9461D655F100029A8C0 /* Release */ = {
			isa = XCBuildConfiguration;
			buildSettings = {
				ALWAYS_SEARCH_USER_PATHS = NO;
				CLANG_ANALYZER_NONNULL = YES;
				CLANG_CXX_LANGUAGE_STANDARD = "gnu++0x";
				CLANG_CXX_LIBRARY = "libc++";
				CLANG_ENABLE_MODULES = YES;
				CLANG_ENABLE_OBJC_ARC = YES;
				CLANG_WARN_BOOL_CONVERSION = YES;
				CLANG_WARN_CONSTANT_CONVERSION = YES;
				CLANG_WARN_DIRECT_OBJC_ISA_USAGE = YES_ERROR;
				CLANG_WARN_EMPTY_BODY = YES;
				CLANG_WARN_ENUM_CONVERSION = YES;
				CLANG_WARN_INFINITE_RECURSION = YES;
				CLANG_WARN_INT_CONVERSION = YES;
				CLANG_WARN_OBJC_ROOT_CLASS = YES_ERROR;
				CLANG_WARN_SUSPICIOUS_MOVE = YES;
				CLANG_WARN_UNREACHABLE_CODE = YES;
				CLANG_WARN__DUPLICATE_METHOD_MATCH = YES;
				"CODE_SIGN_IDENTITY[sdk=iphoneos*]" = "iPhone Developer";
				COPY_PHASE_STRIP = NO;
				CURRENT_PROJECT_VERSION = 1;
				DEBUG_INFORMATION_FORMAT = "dwarf-with-dsym";
				ENABLE_NS_ASSERTIONS = NO;
				ENABLE_STRICT_OBJC_MSGSEND = YES;
				GCC_C_LANGUAGE_STANDARD = gnu99;
				GCC_NO_COMMON_BLOCKS = YES;
				GCC_WARN_64_TO_32_BIT_CONVERSION = YES;
				GCC_WARN_ABOUT_RETURN_TYPE = YES_ERROR;
				GCC_WARN_UNDECLARED_SELECTOR = YES;
				GCC_WARN_UNINITIALIZED_AUTOS = YES_AGGRESSIVE;
				GCC_WARN_UNUSED_FUNCTION = YES;
				GCC_WARN_UNUSED_VARIABLE = YES;
				IPHONEOS_DEPLOYMENT_TARGET = 9.3;
				MTL_ENABLE_DEBUG_INFO = NO;
				SDKROOT = iphoneos;
				SWIFT_OPTIMIZATION_LEVEL = "-Owholemodule";
				TARGETED_DEVICE_FAMILY = "1,2";
				VALIDATE_PRODUCT = YES;
				VERSIONING_SYSTEM = "apple-generic";
				VERSION_INFO_PREFIX = "";
			};
			name = Release;
		};
		1711A9481D655F100029A8C0 /* Debug */ = {
			isa = XCBuildConfiguration;
			buildSettings = {
				CLANG_ENABLE_MODULES = YES;
				"CODE_SIGN_IDENTITY[sdk=iphoneos*]" = "";
				DEFINES_MODULE = YES;
				DYLIB_COMPATIBILITY_VERSION = 1;
				DYLIB_CURRENT_VERSION = 1;
				DYLIB_INSTALL_NAME_BASE = "@rpath";
				INFOPLIST_FILE = InterfaceBacked/Info.plist;
				INSTALL_PATH = "$(LOCAL_LIBRARY_DIR)/Frameworks";
				LD_RUNPATH_SEARCH_PATHS = "$(inherited) @executable_path/Frameworks @loader_path/Frameworks";
				PRODUCT_BUNDLE_IDENTIFIER = com.florianbuerger.InterfaceBacked;
				PRODUCT_NAME = "$(TARGET_NAME)";
				SKIP_INSTALL = YES;
				SWIFT_OPTIMIZATION_LEVEL = "-Onone";
				SWIFT_VERSION = 3.0;
			};
			name = Debug;
		};
		1711A9491D655F100029A8C0 /* Release */ = {
			isa = XCBuildConfiguration;
			buildSettings = {
				CLANG_ENABLE_MODULES = YES;
				"CODE_SIGN_IDENTITY[sdk=iphoneos*]" = "";
				DEFINES_MODULE = YES;
				DYLIB_COMPATIBILITY_VERSION = 1;
				DYLIB_CURRENT_VERSION = 1;
				DYLIB_INSTALL_NAME_BASE = "@rpath";
				INFOPLIST_FILE = InterfaceBacked/Info.plist;
				INSTALL_PATH = "$(LOCAL_LIBRARY_DIR)/Frameworks";
				LD_RUNPATH_SEARCH_PATHS = "$(inherited) @executable_path/Frameworks @loader_path/Frameworks";
				PRODUCT_BUNDLE_IDENTIFIER = com.florianbuerger.InterfaceBacked;
				PRODUCT_NAME = "$(TARGET_NAME)";
				SKIP_INSTALL = YES;
				SWIFT_VERSION = 3.0;
			};
			name = Release;
		};
		1711A94B1D655F100029A8C0 /* Debug */ = {
			isa = XCBuildConfiguration;
			buildSettings = {
				INFOPLIST_FILE = InterfaceBackedTests/Info.plist;
				LD_RUNPATH_SEARCH_PATHS = "$(inherited) @executable_path/Frameworks @loader_path/Frameworks";
				PRODUCT_BUNDLE_IDENTIFIER = com.florianbuerger.InterfaceBackedTests;
				PRODUCT_NAME = "$(TARGET_NAME)";
				SWIFT_VERSION = 3.0;
			};
			name = Debug;
		};
		1711A94C1D655F100029A8C0 /* Release */ = {
			isa = XCBuildConfiguration;
			buildSettings = {
				INFOPLIST_FILE = InterfaceBackedTests/Info.plist;
				LD_RUNPATH_SEARCH_PATHS = "$(inherited) @executable_path/Frameworks @loader_path/Frameworks";
				PRODUCT_BUNDLE_IDENTIFIER = com.florianbuerger.InterfaceBackedTests;
				PRODUCT_NAME = "$(TARGET_NAME)";
				SWIFT_VERSION = 3.0;
			};
			name = Release;
		};
		1711A9691D6564AC0029A8C0 /* Debug */ = {
			isa = XCBuildConfiguration;
			buildSettings = {
				ALWAYS_EMBED_SWIFT_STANDARD_LIBRARIES = YES;
				ASSETCATALOG_COMPILER_APPICON_NAME = AppIcon;
				INFOPLIST_FILE = Example/Info.plist;
				LD_RUNPATH_SEARCH_PATHS = "$(inherited) @executable_path/Frameworks";
				PRODUCT_BUNDLE_IDENTIFIER = com.florianbuerger.Example;
				PRODUCT_NAME = "$(TARGET_NAME)";
				SWIFT_VERSION = 3.0;
			};
			name = Debug;
		};
		1711A96A1D6564AC0029A8C0 /* Release */ = {
			isa = XCBuildConfiguration;
			buildSettings = {
				ALWAYS_EMBED_SWIFT_STANDARD_LIBRARIES = YES;
				ASSETCATALOG_COMPILER_APPICON_NAME = AppIcon;
				INFOPLIST_FILE = Example/Info.plist;
				LD_RUNPATH_SEARCH_PATHS = "$(inherited) @executable_path/Frameworks";
				PRODUCT_BUNDLE_IDENTIFIER = com.florianbuerger.Example;
				PRODUCT_NAME = "$(TARGET_NAME)";
				SWIFT_VERSION = 3.0;
			};
			name = Release;
		};
/* End XCBuildConfiguration section */

/* Begin XCConfigurationList section */
		1711A92D1D655F100029A8C0 /* Build configuration list for PBXProject "InterfaceBacked" */ = {
			isa = XCConfigurationList;
			buildConfigurations = (
				1711A9451D655F100029A8C0 /* Debug */,
				1711A9461D655F100029A8C0 /* Release */,
			);
			defaultConfigurationIsVisible = 0;
			defaultConfigurationName = Release;
		};
		1711A9471D655F100029A8C0 /* Build configuration list for PBXNativeTarget "InterfaceBacked" */ = {
			isa = XCConfigurationList;
			buildConfigurations = (
				1711A9481D655F100029A8C0 /* Debug */,
				1711A9491D655F100029A8C0 /* Release */,
			);
			defaultConfigurationIsVisible = 0;
			defaultConfigurationName = Release;
		};
		1711A94A1D655F100029A8C0 /* Build configuration list for PBXNativeTarget "InterfaceBackedTests" */ = {
			isa = XCConfigurationList;
			buildConfigurations = (
				1711A94B1D655F100029A8C0 /* Debug */,
				1711A94C1D655F100029A8C0 /* Release */,
			);
			defaultConfigurationIsVisible = 0;
			defaultConfigurationName = Release;
		};
		1711A9681D6564AC0029A8C0 /* Build configuration list for PBXNativeTarget "Example" */ = {
			isa = XCConfigurationList;
			buildConfigurations = (
				1711A9691D6564AC0029A8C0 /* Debug */,
				1711A96A1D6564AC0029A8C0 /* Release */,
			);
			defaultConfigurationIsVisible = 0;
			defaultConfigurationName = Release;
		};
/* End XCConfigurationList section */
	};
	rootObject = 1711A92A1D655F100029A8C0 /* Project object */;
}
